
Microsoft Visual Studio Solution File, Format Version 12.00
# Visual Studio Version 17
VisualStudioVersion = 17.1.32210.238
MinimumVisualStudioVersion = 10.0.40219.1
Project("{FAE04EC0-301F-11D3-BF4B-00C04F79EFBC}") = "conveyorOpcUaServerWPF", "conveyorOpcUaServerWPF\conveyorOpcUaServerWPF.csproj", "{37124E55-1DE5-4DA1-B6EE-3816FA428F73}"
EndProject
Global
	GlobalSection(SolutionConfigurationPlatforms) = preSolution
		Debug|Any CPU = Debug|Any CPU
		Release|Any CPU = Release|Any CPU
	EndGlobalSection
	GlobalSection(ProjectConfigurationPlatforms) = postSolution
		{37124E55-1DE5-4DA1-B6EE-3816FA428F73}.Debug|Any CPU.ActiveCfg = Debug|Any CPU
		{37124E55-1DE5-4DA1-B6EE-3816FA428F73}.Debug|Any CPU.Build.0 = Debug|Any CPU
		{37124E55-1DE5-4DA1-B6EE-3816FA428F73}.Release|Any CPU.ActiveCfg = Release|Any CPU
		{37124E55-1DE5-4DA1-B6EE-3816FA428F73}.Release|Any CPU.Build.0 = Release|Any CPU
	EndGlobalSection
	GlobalSection(SolutionProperties) = preSolution
		HideSolutionNode = FALSE
	EndGlobalSection
	GlobalSection(ExtensibilityGlobals) = postSolution
		SolutionGuid = {C1DC486C-D22C-4D5A-9401-C0655C7C310F}
	EndGlobalSection
EndGlobal
